{
  "name": "demos",
  "version": "0.1.0",
  "lockfileVersion": 3,
  "requires": true,
  "packages": {
    "": {
      "name": "demos",
      "version": "0.1.0",
      "dependencies": {
        "demos": "file:"
      }
    },
    "node_modules/demos": {
      "resolved": "",
      "link": true
    }
  }
}
